
Microsoft Visual Studio Solution File, Format Version 12.00
# Visual Studio 15
VisualStudioVersion = 15.0.27130.2024
MinimumVisualStudioVersion = 10.0.40219.1
Project("{FAE04EC0-301F-11D3-BF4B-00C04F79EFBC}") = "GelatinousCube_Console", "GelatinousCube_Console\GelatinousCube_Console.csproj", "{BB3BD7C8-EE45-4780-A09F-4B24AC47CED9}"
	ProjectSection(ProjectDependencies) = postProject
		{82A3EFDB-D6A7-4923-A4E8-676A2C088033} = {82A3EFDB-D6A7-4923-A4E8-676A2C088033}
	EndProjectSection
EndProject
Project("{FAE04EC0-301F-11D3-BF4B-00C04F79EFBC}") = "GelatinousCube_Library", "GelatinousCube_Library\GelatinousCube_Library.csproj", "{BFE30201-9025-4C8D-AC91-314ED09C1867}"
EndProject
Project("{FAE04EC0-301F-11D3-BF4B-00C04F79EFBC}") = "GelatinousCube_UnitTest", "GelatinousCube_UnitTest\GelatinousCube_UnitTest.csproj", "{82A3EFDB-D6A7-4923-A4E8-676A2C088033}"
EndProject
Global
	GlobalSection(SolutionConfigurationPlatforms) = preSolution
		Debug|Any CPU = Debug|Any CPU
		Release|Any CPU = Release|Any CPU
	EndGlobalSection
	GlobalSection(ProjectConfigurationPlatforms) = postSolution
		{BB3BD7C8-EE45-4780-A09F-4B24AC47CED9}.Debug|Any CPU.ActiveCfg = Debug|Any CPU
		{BB3BD7C8-EE45-4780-A09F-4B24AC47CED9}.Debug|Any CPU.Build.0 = Debug|Any CPU
		{BB3BD7C8-EE45-4780-A09F-4B24AC47CED9}.Release|Any CPU.ActiveCfg = Release|Any CPU
		{BB3BD7C8-EE45-4780-A09F-4B24AC47CED9}.Release|Any CPU.Build.0 = Release|Any CPU
		{BFE30201-9025-4C8D-AC91-314ED09C1867}.Debug|Any CPU.ActiveCfg = Debug|Any CPU
		{BFE30201-9025-4C8D-AC91-314ED09C1867}.Debug|Any CPU.Build.0 = Debug|Any CPU
		{BFE30201-9025-4C8D-AC91-314ED09C1867}.Release|Any CPU.ActiveCfg = Release|Any CPU
		{BFE30201-9025-4C8D-AC91-314ED09C1867}.Release|Any CPU.Build.0 = Release|Any CPU
		{82A3EFDB-D6A7-4923-A4E8-676A2C088033}.Debug|Any CPU.ActiveCfg = Debug|Any CPU
		{82A3EFDB-D6A7-4923-A4E8-676A2C088033}.Debug|Any CPU.Build.0 = Debug|Any CPU
		{82A3EFDB-D6A7-4923-A4E8-676A2C088033}.Release|Any CPU.ActiveCfg = Release|Any CPU
		{82A3EFDB-D6A7-4923-A4E8-676A2C088033}.Release|Any CPU.Build.0 = Release|Any CPU
	EndGlobalSection
	GlobalSection(SolutionProperties) = preSolution
		HideSolutionNode = FALSE
	EndGlobalSection
	GlobalSection(ExtensibilityGlobals) = postSolution
		SolutionGuid = {94956F7B-58F3-4E74-8F89-C5CD93BF1D74}
	EndGlobalSection
EndGlobal
